// !$*UTF8*$!
{
	archiveVersion = 1;
	classes = {
	};
	objectVersion = 50;
	objects = {

/* Begin PBXBuildFile section */
		D223F86825B318C50050B2F3 /* AppDelegate.swift in Sources */ = {isa = PBXBuildFile; fileRef = D223F86725B318C50050B2F3 /* AppDelegate.swift */; };
		D223F86C25B318C50050B2F3 /* Actions.sks in Resources */ = {isa = PBXBuildFile; fileRef = D223F86B25B318C50050B2F3 /* Actions.sks */; };
		D223F86E25B318C50050B2F3 /* GameScene.swift in Sources */ = {isa = PBXBuildFile; fileRef = D223F86D25B318C50050B2F3 /* GameScene.swift */; };
		D223F87025B318C50050B2F3 /* GameViewController.swift in Sources */ = {isa = PBXBuildFile; fileRef = D223F86F25B318C50050B2F3 /* GameViewController.swift */; };
		D223F87325B318C50050B2F3 /* Main.storyboard in Resources */ = {isa = PBXBuildFile; fileRef = D223F87125B318C50050B2F3 /* Main.storyboard */; };
		D223F87525B318C70050B2F3 /* Assets.xcassets in Resources */ = {isa = PBXBuildFile; fileRef = D223F87425B318C70050B2F3 /* Assets.xcassets */; };
		D223F87E25B31BA50050B2F3 /* ImageNames.swift in Sources */ = {isa = PBXBuildFile; fileRef = D223F87D25B31BA50050B2F3 /* ImageNames.swift */; };
		D223F88A25B3285B0050B2F3 /* GameScene.sks in Resources */ = {isa = PBXBuildFile; fileRef = D223F88925B3285B0050B2F3 /* GameScene.sks */; };
		D223F8F425B337490050B2F3 /* Launch Screen.storyboard in Resources */ = {isa = PBXBuildFile; fileRef = D223F8F325B337490050B2F3 /* Launch Screen.storyboard */; };
		D28013BD25B3604A004236CC /* Config.swift in Sources */ = {isa = PBXBuildFile; fileRef = D28013BC25B3604A004236CC /* Config.swift */; };
		D28013C225B369D8004236CC /* NodeNames.swift in Sources */ = {isa = PBXBuildFile; fileRef = D28013C125B369D8004236CC /* NodeNames.swift */; };
/* End PBXBuildFile section */

/* Begin PBXFileReference section */
		D223F86425B318C50050B2F3 /* SpaceWar.app */ = {isa = PBXFileReference; explicitFileType = wrapper.application; includeInIndex = 0; path = SpaceWar.app; sourceTree = BUILT_PRODUCTS_DIR; };
		D223F86725B318C50050B2F3 /* AppDelegate.swift */ = {isa = PBXFileReference; lastKnownFileType = sourcecode.swift; path = AppDelegate.swift; sourceTree = "<group>"; };
		D223F86B25B318C50050B2F3 /* Actions.sks */ = {isa = PBXFileReference; lastKnownFileType = file.sks; path = Actions.sks; sourceTree = "<group>"; };
		D223F86D25B318C50050B2F3 /* GameScene.swift */ = {isa = PBXFileReference; lastKnownFileType = sourcecode.swift; path = GameScene.swift; sourceTree = "<group>"; };
		D223F86F25B318C50050B2F3 /* GameViewController.swift */ = {isa = PBXFileReference; lastKnownFileType = sourcecode.swift; path = GameViewController.swift; sourceTree = "<group>"; };
		D223F87225B318C50050B2F3 /* Base */ = {isa = PBXFileReference; lastKnownFileType = file.storyboard; name = Base; path = Base.lproj/Main.storyboard; sourceTree = "<group>"; };
		D223F87425B318C70050B2F3 /* Assets.xcassets */ = {isa = PBXFileReference; lastKnownFileType = folder.assetcatalog; path = Assets.xcassets; sourceTree = "<group>"; };
		D223F87625B318C70050B2F3 /* Info.plist */ = {isa = PBXFileReference; lastKnownFileType = text.plist.xml; path = Info.plist; sourceTree = "<group>"; };
		D223F87D25B31BA50050B2F3 /* ImageNames.swift */ = {isa = PBXFileReference; lastKnownFileType = sourcecode.swift; path = ImageNames.swift; sourceTree = "<group>"; };
		D223F88925B3285B0050B2F3 /* GameScene.sks */ = {isa = PBXFileReference; lastKnownFileType = file.sks; path = GameScene.sks; sourceTree = "<group>"; };
		D223F8F325B337490050B2F3 /* Launch Screen.storyboard */ = {isa = PBXFileReference; lastKnownFileType = file.storyboard; path = "Launch Screen.storyboard"; sourceTree = "<group>"; };
		D28013BC25B3604A004236CC /* Config.swift */ = {isa = PBXFileReference; lastKnownFileType = sourcecode.swift; path = Config.swift; sourceTree = "<group>"; };
		D28013C125B369D8004236CC /* NodeNames.swift */ = {isa = PBXFileReference; lastKnownFileType = sourcecode.swift; path = NodeNames.swift; sourceTree = "<group>"; };
/* End PBXFileReference section */

/* Begin PBXFrameworksBuildPhase section */
		D223F86125B318C50050B2F3 /* Frameworks */ = {
			isa = PBXFrameworksBuildPhase;
			buildActionMask = 2147483647;
			files = (
			);
			runOnlyForDeploymentPostprocessing = 0;
		};
/* End PBXFrameworksBuildPhase section */

/* Begin PBXGroup section */
		D223F85B25B318C50050B2F3 = {
			isa = PBXGroup;
			children = (
				D223F86625B318C50050B2F3 /* SpaceWar */,
				D223F86525B318C50050B2F3 /* Products */,
			);
			sourceTree = "<group>";
		};
		D223F86525B318C50050B2F3 /* Products */ = {
			isa = PBXGroup;
			children = (
				D223F86425B318C50050B2F3 /* SpaceWar.app */,
			);
			name = Products;
			sourceTree = "<group>";
		};
		D223F86625B318C50050B2F3 /* SpaceWar */ = {
			isa = PBXGroup;
			children = (
				D223F86725B318C50050B2F3 /* AppDelegate.swift */,
				D223F88125B31C070050B2F3 /* SpiteKit */,
				D223F88625B31C3C0050B2F3 /* Controllers */,
				D223F88325B31C1B0050B2F3 /* Views */,
				D223F88425B31C250050B2F3 /* Supporting files */,
				D223F87625B318C70050B2F3 /* Info.plist */,
			);
			path = SpaceWar;
			sourceTree = "<group>";
		};
		D223F88125B31C070050B2F3 /* SpiteKit */ = {
			isa = PBXGroup;
			children = (
				D223F86B25B318C50050B2F3 /* Actions.sks */,
				D223F88925B3285B0050B2F3 /* GameScene.sks */,
				D223F86D25B318C50050B2F3 /* GameScene.swift */,
			);
			path = SpiteKit;
			sourceTree = "<group>";
		};
		D223F88325B31C1B0050B2F3 /* Views */ = {
			isa = PBXGroup;
			children = (
				D223F87125B318C50050B2F3 /* Main.storyboard */,
				D223F8F325B337490050B2F3 /* Launch Screen.storyboard */,
			);
			path = Views;
			sourceTree = "<group>";
		};
		D223F88425B31C250050B2F3 /* Supporting files */ = {
			isa = PBXGroup;
			children = (
				D223F87425B318C70050B2F3 /* Assets.xcassets */,
				D223F87D25B31BA50050B2F3 /* ImageNames.swift */,
				D28013BC25B3604A004236CC /* Config.swift */,
				D28013C125B369D8004236CC /* NodeNames.swift */,
			);
			path = "Supporting files";
			sourceTree = "<group>";
		};
		D223F88625B31C3C0050B2F3 /* Controllers */ = {
			isa = PBXGroup;
			children = (
				D223F86F25B318C50050B2F3 /* GameViewController.swift */,
			);
			path = Controllers;
			sourceTree = "<group>";
		};
/* End PBXGroup section */

/* Begin PBXNativeTarget section */
		D223F86325B318C50050B2F3 /* SpaceWar */ = {
			isa = PBXNativeTarget;
			buildConfigurationList = D223F87925B318C70050B2F3 /* Build configuration list for PBXNativeTarget "SpaceWar" */;
			buildPhases = (
				D223F86025B318C50050B2F3 /* Sources */,
				D223F86125B318C50050B2F3 /* Frameworks */,
				D223F86225B318C50050B2F3 /* Resources */,
			);
			buildRules = (
			);
			dependencies = (
			);
			name = SpaceWar;
			productName = SpaceWar;
			productReference = D223F86425B318C50050B2F3 /* SpaceWar.app */;
			productType = "com.apple.product-type.application";
		};
/* End PBXNativeTarget section */

/* Begin PBXProject section */
		D223F85C25B318C50050B2F3 /* Project object */ = {
			isa = PBXProject;
			attributes = {
				LastSwiftUpdateCheck = 1230;
				LastUpgradeCheck = 1230;
				TargetAttributes = {
					D223F86325B318C50050B2F3 = {
						CreatedOnToolsVersion = 12.3;
					};
				};
			};
			buildConfigurationList = D223F85F25B318C50050B2F3 /* Build configuration list for PBXProject "SpaceWar" */;
			compatibilityVersion = "Xcode 9.3";
			developmentRegion = en;
			hasScannedForEncodings = 0;
			knownRegions = (
				en,
				Base,
			);
			mainGroup = D223F85B25B318C50050B2F3;
			productRefGroup = D223F86525B318C50050B2F3 /* Products */;
			projectDirPath = "";
			projectRoot = "";
			targets = (
				D223F86325B318C50050B2F3 /* SpaceWar */,
			);
		};
/* End PBXProject section */

/* Begin PBXResourcesBuildPhase section */
		D223F86225B318C50050B2F3 /* Resources */ = {
			isa = PBXResourcesBuildPhase;
			buildActionMask = 2147483647;
			files = (
				D223F88A25B3285B0050B2F3 /* GameScene.sks in Resources */,
				D223F87325B318C50050B2F3 /* Main.storyboard in Resources */,
				D223F87525B318C70050B2F3 /* Assets.xcassets in Resources */,
				D223F8F425B337490050B2F3 /* Launch Screen.storyboard in Resources */,
				D223F86C25B318C50050B2F3 /* Actions.sks in Resources */,
			);
			runOnlyForDeploymentPostprocessing = 0;
		};
/* End PBXResourcesBuildPhase section */

/* Begin PBXSourcesBuildPhase section */
		D223F86025B318C50050B2F3 /* Sources */ = {
			isa = PBXSourcesBuildPhase;
			buildActionMask = 2147483647;
			files = (
				D223F86E25B318C50050B2F3 /* GameScene.swift in Sources */,
				D223F87025B318C50050B2F3 /* GameViewController.swift in Sources */,
				D223F87E25B31BA50050B2F3 /* ImageNames.swift in Sources */,
				D223F86825B318C50050B2F3 /* AppDelegate.swift in Sources */,
				D28013C225B369D8004236CC /* NodeNames.swift in Sources */,
				D28013BD25B3604A004236CC /* Config.swift in Sources */,
			);
			runOnlyForDeploymentPostprocessing = 0;
		};
/* End PBXSourcesBuildPhase section */

/* Begin PBXVariantGroup section */
		D223F87125B318C50050B2F3 /* Main.storyboard */ = {
			isa = PBXVariantGroup;
			children = (
				D223F87225B318C50050B2F3 /* Base */,
			);
			name = Main.storyboard;
			sourceTree = "<group>";
		};
/* End PBXVariantGroup section */

/* Begin XCBuildConfiguration section */
		D223F87725B318C70050B2F3 /* Debug */ = {
			isa = XCBuildConfiguration;
			buildSettings = {
				ALWAYS_SEARCH_USER_PATHS = NO;
				CLANG_ANALYZER_NONNULL = YES;
				CLANG_ANALYZER_NUMBER_OBJECT_CONVERSION = YES_AGGRESSIVE;
				CLANG_CXX_LANGUAGE_STANDARD = "gnu++14";
				CLANG_CXX_LIBRARY = "libc++";
				CLANG_ENABLE_MODULES = YES;
				CLANG_ENABLE_OBJC_ARC = YES;
				CLANG_ENABLE_OBJC_WEAK = YES;
				CLANG_WARN_BLOCK_CAPTURE_AUTORELEASING = YES;
				CLANG_WARN_BOOL_CONVERSION = YES;
				CLANG_WARN_COMMA = YES;
				CLANG_WARN_CONSTANT_CONVERSION = YES;
				CLANG_WARN_DEPRECATED_OBJC_IMPLEMENTATIONS = YES;
				CLANG_WARN_DIRECT_OBJC_ISA_USAGE = YES_ERROR;
				CLANG_WARN_DOCUMENTATION_COMMENTS = YES;
				CLANG_WARN_EMPTY_BODY = YES;
				CLANG_WARN_ENUM_CONVERSION = YES;
				CLANG_WARN_INFINITE_RECURSION = YES;
				CLANG_WARN_INT_CONVERSION = YES;
				CLANG_WARN_NON_LITERAL_NULL_CONVERSION = YES;
				CLANG_WARN_OBJC_IMPLICIT_RETAIN_SELF = YES;
				CLANG_WARN_OBJC_LITERAL_CONVERSION = YES;
				CLANG_WARN_OBJC_ROOT_CLASS = YES_ERROR;
				CLANG_WARN_QUOTED_INCLUDE_IN_FRAMEWORK_HEADER = YES;
				CLANG_WARN_RANGE_LOOP_ANALYSIS = YES;
				CLANG_WARN_STRICT_PROTOTYPES = YES;
				CLANG_WARN_SUSPICIOUS_MOVE = YES;
				CLANG_WARN_UNGUARDED_AVAILABILITY = YES_AGGRESSIVE;
				CLANG_WARN_UNREACHABLE_CODE = YES;
				CLANG_WARN__DUPLICATE_METHOD_MATCH = YES;
				COPY_PHASE_STRIP = NO;
				DEBUG_INFORMATION_FORMAT = dwarf;
				ENABLE_STRICT_OBJC_MSGSEND = YES;
				ENABLE_TESTABILITY = YES;
				GCC_C_LANGUAGE_STANDARD = gnu11;
				GCC_DYNAMIC_NO_PIC = NO;
				GCC_NO_COMMON_BLOCKS = YES;
				GCC_OPTIMIZATION_LEVEL = 0;
				GCC_PREPROCESSOR_DEFINITIONS = (
					"DEBUG=1",
					"$(inherited)",
				);
				GCC_WARN_64_TO_32_BIT_CONVERSION = YES;
				GCC_WARN_ABOUT_RETURN_TYPE = YES_ERROR;
				GCC_WARN_UNDECLARED_SELECTOR = YES;
				GCC_WARN_UNINITIALIZED_AUTOS = YES_AGGRESSIVE;
				GCC_WARN_UNUSED_FUNCTION = YES;
				GCC_WARN_UNUSED_VARIABLE = YES;
				IPHONEOS_DEPLOYMENT_TARGET = 14.3;
				MTL_ENABLE_DEBUG_INFO = INCLUDE_SOURCE;
				MTL_FAST_MATH = YES;
				ONLY_ACTIVE_ARCH = YES;
				SDKROOT = iphoneos;
				SWIFT_ACTIVE_COMPILATION_CONDITIONS = DEBUG;
				SWIFT_OPTIMIZATION_LEVEL = "-Onone";
			};
			name = Debug;
		};
		D223F87825B318C70050B2F3 /* Release */ = {
			isa = XCBuildConfiguration;
			buildSettings = {
				ALWAYS_SEARCH_USER_PATHS = NO;
				CLANG_ANALYZER_NONNULL = YES;
				CLANG_ANALYZER_NUMBER_OBJECT_CONVERSION = YES_AGGRESSIVE;
				CLANG_CXX_LANGUAGE_STANDARD = "gnu++14";
				CLANG_CXX_LIBRARY = "libc++";
				CLANG_ENABLE_MODULES = YES;
				CLANG_ENABLE_OBJC_ARC = YES;
				CLANG_ENABLE_OBJC_WEAK = YES;
				CLANG_WARN_BLOCK_CAPTURE_AUTORELEASING = YES;
				CLANG_WARN_BOOL_CONVERSION = YES;
				CLANG_WARN_COMMA = YES;
				CLANG_WARN_CONSTANT_CONVERSION = YES;
				CLANG_WARN_DEPRECATED_OBJC_IMPLEMENTATIONS = YES;
				CLANG_WARN_DIRECT_OBJC_ISA_USAGE = YES_ERROR;
				CLANG_WARN_DOCUMENTATION_COMMENTS = YES;
				CLANG_WARN_EMPTY_BODY = YES;
				CLANG_WARN_ENUM_CONVERSION = YES;
				CLANG_WARN_INFINITE_RECURSION = YES;
				CLANG_WARN_INT_CONVERSION = YES;
				CLANG_WARN_NON_LITERAL_NULL_CONVERSION = YES;
				CLANG_WARN_OBJC_IMPLICIT_RETAIN_SELF = YES;
				CLANG_WARN_OBJC_LITERAL_CONVERSION = YES;
				CLANG_WARN_OBJC_ROOT_CLASS = YES_ERROR;
				CLANG_WARN_QUOTED_INCLUDE_IN_FRAMEWORK_HEADER = YES;
				CLANG_WARN_RANGE_LOOP_ANALYSIS = YES;
				CLANG_WARN_STRICT_PROTOTYPES = YES;
				CLANG_WARN_SUSPICIOUS_MOVE = YES;
				CLANG_WARN_UNGUARDED_AVAILABILITY = YES_AGGRESSIVE;
				CLANG_WARN_UNREACHABLE_CODE = YES;
				CLANG_WARN__DUPLICATE_METHOD_MATCH = YES;
				COPY_PHASE_STRIP = NO;
				DEBUG_INFORMATION_FORMAT = "dwarf-with-dsym";
				ENABLE_NS_ASSERTIONS = NO;
				ENABLE_STRICT_OBJC_MSGSEND = YES;
				GCC_C_LANGUAGE_STANDARD = gnu11;
				GCC_NO_COMMON_BLOCKS = YES;
				GCC_WARN_64_TO_32_BIT_CONVERSION = YES;
				GCC_WARN_ABOUT_RETURN_TYPE = YES_ERROR;
				GCC_WARN_UNDECLARED_SELECTOR = YES;
				GCC_WARN_UNINITIALIZED_AUTOS = YES_AGGRESSIVE;
				GCC_WARN_UNUSED_FUNCTION = YES;
				GCC_WARN_UNUSED_VARIABLE = YES;
				IPHONEOS_DEPLOYMENT_TARGET = 14.3;
				MTL_ENABLE_DEBUG_INFO = NO;
				MTL_FAST_MATH = YES;
				SDKROOT = iphoneos;
				SWIFT_COMPILATION_MODE = wholemodule;
				SWIFT_OPTIMIZATION_LEVEL = "-O";
				VALIDATE_PRODUCT = YES;
			};
			name = Release;
		};
		D223F87A25B318C70050B2F3 /* Debug */ = {
			isa = XCBuildConfiguration;
			buildSettings = {
				ASSETCATALOG_COMPILER_APPICON_NAME = AppIcon;
				ASSETCATALOG_COMPILER_GLOBAL_ACCENT_COLOR_NAME = AccentColor;
				CODE_SIGN_STYLE = Automatic;
				DEVELOPMENT_TEAM = CUJ73BXL42;
				INFOPLIST_FILE = SpaceWar/Info.plist;
				LD_RUNPATH_SEARCH_PATHS = (
					"$(inherited)",
					"@executable_path/Frameworks",
				);
				PRODUCT_BUNDLE_IDENTIFIER = kurking.SpaceWar;
				PRODUCT_NAME = "$(TARGET_NAME)";
				SWIFT_VERSION = 5.0;
				TARGETED_DEVICE_FAMILY = 1;
			};
			name = Debug;
		};
		D223F87B25B318C70050B2F3 /* Release */ = {
			isa = XCBuildConfiguration;
			buildSettings = {
				ASSETCATALOG_COMPILER_APPICON_NAME = AppIcon;
				ASSETCATALOG_COMPILER_GLOBAL_ACCENT_COLOR_NAME = AccentColor;
				CODE_SIGN_STYLE = Automatic;
				DEVELOPMENT_TEAM = CUJ73BXL42;
				INFOPLIST_FILE = SpaceWar/Info.plist;
				LD_RUNPATH_SEARCH_PATHS = (
					"$(inherited)",
					"@executable_path/Frameworks",
				);
				PRODUCT_BUNDLE_IDENTIFIER = kurking.SpaceWar;
				PRODUCT_NAME = "$(TARGET_NAME)";
				SWIFT_VERSION = 5.0;
				TARGETED_DEVICE_FAMILY = 1;
			};
			name = Release;
		};
/* End XCBuildConfiguration section */

/* Begin XCConfigurationList section */
		D223F85F25B318C50050B2F3 /* Build configuration list for PBXProject "SpaceWar" */ = {
			isa = XCConfigurationList;
			buildConfigurations = (
				D223F87725B318C70050B2F3 /* Debug */,
				D223F87825B318C70050B2F3 /* Release */,
			);
			defaultConfigurationIsVisible = 0;
			defaultConfigurationName = Release;
		};
		D223F87925B318C70050B2F3 /* Build configuration list for PBXNativeTarget "SpaceWar" */ = {
			isa = XCConfigurationList;
			buildConfigurations = (
				D223F87A25B318C70050B2F3 /* Debug */,
				D223F87B25B318C70050B2F3 /* Release */,
			);
			defaultConfigurationIsVisible = 0;
			defaultConfigurationName = Release;
		};
/* End XCConfigurationList section */
	};
	rootObject = D223F85C25B318C50050B2F3 /* Project object */;
}
